speakeasyVersion: 1.568.0
sources:
    my-source:
        sourceNamespace: my-source
        sourceRevisionDigest: sha256:4ac9dc137a8f2a09a3acb53edf0c86a729e97f7ab8d6938d6fd3332000b5e30b
        sourceBlobDigest: sha256:050bba044d04a01195471c13220c1b3f8c573cbba68e36612cc5a54a50a77ec6
        tags:
            - latest
            - speakeasy-sdk-regen-1776212095
            - "1.0"
targets:
    csharp-target:
        source: my-source
        sourceNamespace: my-source
        sourceRevisionDigest: sha256:4ac9dc137a8f2a09a3acb53edf0c86a729e97f7ab8d6938d6fd3332000b5e30b
        sourceBlobDigest: sha256:050bba044d04a01195471c13220c1b3f8c573cbba68e36612cc5a54a50a77ec6
        codeSamplesNamespace: my-source-csharp-code-samples
        codeSamplesRevisionDigest: sha256:f4592acb402f022b08a474898004ea0c391d71fd094028b3c55a2e7e9edc045e
workflow:
    workflowVersion: 1.0.0
    speakeasyVersion: latest
    sources:
        my-source:
            inputs:
                - location: https://api.unified.to/openapi.json
            registry:
                location: registry.speakeasyapi.dev/unified/unified/my-source
    targets:
        csharp-target:
            target: csharp
            source: my-source
            publish:
                nuget:
                    apiKey: $NUGET_API_KEY
            codeSamples:
                registry:
                    location: registry.speakeasyapi.dev/unified/unified/my-source-csharp-code-samples
                blocking: false
