speakeasyVersion: 1.568.0
sources:
    my-source:
        sourceNamespace: my-source
        sourceRevisionDigest: sha256:bbed4af368f13147cd6f52f584df62e693a1d56e2aa4432a1c8054b40fd79dd0
        sourceBlobDigest: sha256:d513a5456ee4bdff248f06ca2f40634c7a667be90b557db9956736d917717d80
        tags:
            - latest
            - speakeasy-sdk-regen-1758585790
            - "1.0"
targets:
    csharp-target:
        source: my-source
        sourceNamespace: my-source
        sourceRevisionDigest: sha256:bbed4af368f13147cd6f52f584df62e693a1d56e2aa4432a1c8054b40fd79dd0
        sourceBlobDigest: sha256:d513a5456ee4bdff248f06ca2f40634c7a667be90b557db9956736d917717d80
        codeSamplesNamespace: my-source-csharp-code-samples
        codeSamplesRevisionDigest: sha256:f4d677d8fba70bab1fa1aaaf9d88ee7860398938f2e883da961d60762c691bb0
workflow:
    workflowVersion: 1.0.0
    speakeasyVersion: latest
    sources:
        my-source:
            inputs:
                - location: https://api.unified.to/openapi.json
                  authSecret: $openapi_doc_auth_token
            registry:
                location: registry.speakeasyapi.dev/unified/unified/my-source
    targets:
        csharp-target:
            target: csharp
            source: my-source
            publish:
                nuget:
                    apiKey: $NUGET_API_KEY
            codeSamples:
                registry:
                    location: registry.speakeasyapi.dev/unified/unified/my-source-csharp-code-samples
                blocking: false
