speakeasyVersion: 1.568.0
sources:
    my-source:
        sourceNamespace: my-source
        sourceRevisionDigest: sha256:0ea2b6b0ebe598462fa101bf78ab5f241f6d8961be6c820c2160781aaf1ffe72
        sourceBlobDigest: sha256:4385216d09fbe772f2bb27777863eeb4a6b77cfe7f13662df771b9e0faa88dc6
        tags:
            - latest
            - speakeasy-sdk-regen-1751673790
            - "1.0"
targets:
    csharp-target:
        source: my-source
        sourceNamespace: my-source
        sourceRevisionDigest: sha256:0ea2b6b0ebe598462fa101bf78ab5f241f6d8961be6c820c2160781aaf1ffe72
        sourceBlobDigest: sha256:4385216d09fbe772f2bb27777863eeb4a6b77cfe7f13662df771b9e0faa88dc6
        codeSamplesNamespace: my-source-csharp-code-samples
        codeSamplesRevisionDigest: sha256:e6117e9430d227150106b2769349251ac49bd60286830d51388b50e0d6b097b7
workflow:
    workflowVersion: 1.0.0
    speakeasyVersion: latest
    sources:
        my-source:
            inputs:
                - location: https://api.unified.to/openapi.json
                  authSecret: $openapi_doc_auth_token
            registry:
                location: registry.speakeasyapi.dev/unified/unified/my-source
    targets:
        csharp-target:
            target: csharp
            source: my-source
            publish:
                nuget:
                    apiKey: $NUGET_API_KEY
            codeSamples:
                registry:
                    location: registry.speakeasyapi.dev/unified/unified/my-source-csharp-code-samples
                blocking: false
